
Microsoft Visual Studio Solution File, Format Version 12.00
# Visual Studio Version 17
VisualStudioVersion = 17.7.34031.279
MinimumVisualStudioVersion = 10.0.40219.1
Project("{FAE04EC0-301F-11D3-BF4B-00C04F79EFBC}") = "AuthenticationServices", "AuthenticationServices\AuthenticationServices.csproj", "{68EAEC53-974F-44B2-BE90-D81C28EF5A5F}"
EndProject
Project("{FAE04EC0-301F-11D3-BF4B-00C04F79EFBC}") = "MovieServices", "MovieServices\MovieServices.csproj", "{812E1A89-AACA-471E-BE8C-E5E5CC803F1E}"
EndProject
Project("{FAE04EC0-301F-11D3-BF4B-00C04F79EFBC}") = "CategoryServices", "CategoryServices\CategoryServices.csproj", "{D94A39A9-3BB5-4DB8-BC98-E6976766CBA7}"
EndProject
Global
	GlobalSection(SolutionConfigurationPlatforms) = preSolution
		Debug|Any CPU = Debug|Any CPU
		Release|Any CPU = Release|Any CPU
	EndGlobalSection
	GlobalSection(ProjectConfigurationPlatforms) = postSolution
		{68EAEC53-974F-44B2-BE90-D81C28EF5A5F}.Debug|Any CPU.ActiveCfg = Debug|Any CPU
		{68EAEC53-974F-44B2-BE90-D81C28EF5A5F}.Debug|Any CPU.Build.0 = Debug|Any CPU
		{68EAEC53-974F-44B2-BE90-D81C28EF5A5F}.Release|Any CPU.ActiveCfg = Release|Any CPU
		{68EAEC53-974F-44B2-BE90-D81C28EF5A5F}.Release|Any CPU.Build.0 = Release|Any CPU
		{812E1A89-AACA-471E-BE8C-E5E5CC803F1E}.Debug|Any CPU.ActiveCfg = Debug|Any CPU
		{812E1A89-AACA-471E-BE8C-E5E5CC803F1E}.Debug|Any CPU.Build.0 = Debug|Any CPU
		{812E1A89-AACA-471E-BE8C-E5E5CC803F1E}.Release|Any CPU.ActiveCfg = Release|Any CPU
		{812E1A89-AACA-471E-BE8C-E5E5CC803F1E}.Release|Any CPU.Build.0 = Release|Any CPU
		{D94A39A9-3BB5-4DB8-BC98-E6976766CBA7}.Debug|Any CPU.ActiveCfg = Debug|Any CPU
		{D94A39A9-3BB5-4DB8-BC98-E6976766CBA7}.Debug|Any CPU.Build.0 = Debug|Any CPU
		{D94A39A9-3BB5-4DB8-BC98-E6976766CBA7}.Release|Any CPU.ActiveCfg = Release|Any CPU
		{D94A39A9-3BB5-4DB8-BC98-E6976766CBA7}.Release|Any CPU.Build.0 = Release|Any CPU
	EndGlobalSection
	GlobalSection(SolutionProperties) = preSolution
		HideSolutionNode = FALSE
	EndGlobalSection
	GlobalSection(ExtensibilityGlobals) = postSolution
		SolutionGuid = {31705B37-F06A-4E73-B05C-850774E61C32}
	EndGlobalSection
EndGlobal
